
Microsoft Visual Studio Solution File, Format Version 12.00
# Visual Studio 15
VisualStudioVersion = 15.0.28307.421
MinimumVisualStudioVersion = 10.0.40219.1
Project("{FAE04EC0-301F-11D3-BF4B-00C04F79EFBC}") = "MainProgram", "MainProgram\MainProgram.csproj", "{A8E6409B-451D-4633-88D4-A78745C5C190}"
EndProject
Global
	GlobalSection(SolutionConfigurationPlatforms) = preSolution
		Debug|Any CPU = Debug|Any CPU
		Release|Any CPU = Release|Any CPU
	EndGlobalSection
	GlobalSection(ProjectConfigurationPlatforms) = postSolution
		{A8E6409B-451D-4633-88D4-A78745C5C190}.Debug|Any CPU.ActiveCfg = Debug|Any CPU
		{A8E6409B-451D-4633-88D4-A78745C5C190}.Debug|Any CPU.Build.0 = Debug|Any CPU
		{A8E6409B-451D-4633-88D4-A78745C5C190}.Release|Any CPU.ActiveCfg = Release|Any CPU
		{A8E6409B-451D-4633-88D4-A78745C5C190}.Release|Any CPU.Build.0 = Release|Any CPU
	EndGlobalSection
	GlobalSection(SolutionProperties) = preSolution
		HideSolutionNode = FALSE
	EndGlobalSection
	GlobalSection(ExtensibilityGlobals) = postSolution
		SolutionGuid = {E4E5A53E-B2A2-4820-929A-104F9AEB5DD5}
	EndGlobalSection
EndGlobal
